
Microsoft Visual Studio Solution File, Format Version 12.00
# Visual Studio Version 17
VisualStudioVersion = 17.13.35931.197 d17.13
MinimumVisualStudioVersion = 10.0.40219.1
Project("{FAE04EC0-301F-11D3-BF4B-00C04F79EFBC}") = "05_Loops", "05_Loops.csproj", "{EBD619B5-B27D-4E60-B679-74F71B7DE08A}"
EndProject
Global
	GlobalSection(SolutionConfigurationPlatforms) = preSolution
		Debug|Any CPU = Debug|Any CPU
		Release|Any CPU = Release|Any CPU
	EndGlobalSection
	GlobalSection(ProjectConfigurationPlatforms) = postSolution
		{EBD619B5-B27D-4E60-B679-74F71B7DE08A}.Debug|Any CPU.ActiveCfg = Debug|Any CPU
		{EBD619B5-B27D-4E60-B679-74F71B7DE08A}.Debug|Any CPU.Build.0 = Debug|Any CPU
		{EBD619B5-B27D-4E60-B679-74F71B7DE08A}.Release|Any CPU.ActiveCfg = Release|Any CPU
		{EBD619B5-B27D-4E60-B679-74F71B7DE08A}.Release|Any CPU.Build.0 = Release|Any CPU
	EndGlobalSection
	GlobalSection(SolutionProperties) = preSolution
		HideSolutionNode = FALSE
	EndGlobalSection
	GlobalSection(ExtensibilityGlobals) = postSolution
		SolutionGuid = {BD914981-4F5C-4626-9C19-F4BDBE9211C3}
	EndGlobalSection
EndGlobal
